
Microsoft Visual Studio Solution File, Format Version 12.00
# Visual Studio Version 17
VisualStudioVersion = 17.3.32929.385
MinimumVisualStudioVersion = 10.0.40219.1
Project("{FAE04EC0-301F-11D3-BF4B-00C04F79EFBC}") = "front-back", "front-back.csproj", "{F2C51D2A-3933-4C93-B0C4-25ACA87A6936}"
EndProject
Project("{FAE04EC0-301F-11D3-BF4B-00C04F79EFBC}") = "test-backend", "..\test-backend\test-backend.csproj", "{FA2FEF88-C4B7-44C5-AC83-31B5E07067BB}"
EndProject
Global
	GlobalSection(SolutionConfigurationPlatforms) = preSolution
		Debug|Any CPU = Debug|Any CPU
		Release|Any CPU = Release|Any CPU
	EndGlobalSection
	GlobalSection(ProjectConfigurationPlatforms) = postSolution
		{F2C51D2A-3933-4C93-B0C4-25ACA87A6936}.Debug|Any CPU.ActiveCfg = Debug|Any CPU
		{F2C51D2A-3933-4C93-B0C4-25ACA87A6936}.Debug|Any CPU.Build.0 = Debug|Any CPU
		{F2C51D2A-3933-4C93-B0C4-25ACA87A6936}.Release|Any CPU.ActiveCfg = Release|Any CPU
		{F2C51D2A-3933-4C93-B0C4-25ACA87A6936}.Release|Any CPU.Build.0 = Release|Any CPU
		{FA2FEF88-C4B7-44C5-AC83-31B5E07067BB}.Debug|Any CPU.ActiveCfg = Debug|Any CPU
		{FA2FEF88-C4B7-44C5-AC83-31B5E07067BB}.Debug|Any CPU.Build.0 = Debug|Any CPU
		{FA2FEF88-C4B7-44C5-AC83-31B5E07067BB}.Release|Any CPU.ActiveCfg = Release|Any CPU
		{FA2FEF88-C4B7-44C5-AC83-31B5E07067BB}.Release|Any CPU.Build.0 = Release|Any CPU
	EndGlobalSection
	GlobalSection(SolutionProperties) = preSolution
		HideSolutionNode = FALSE
	EndGlobalSection
	GlobalSection(ExtensibilityGlobals) = postSolution
		SolutionGuid = {DC3B77A8-8A89-4C9A-A458-FCEFFF9ABEC0}
	EndGlobalSection
EndGlobal
